
Microsoft Visual Studio Solution File, Format Version 12.00
# Visual Studio 15
VisualStudioVersion = 15.0.27703.2047
MinimumVisualStudioVersion = 10.0.40219.1
Project("{FAE04EC0-301F-11D3-BF4B-00C04F79EFBC}") = "RemindWallpaper", "RemindWallpaper\RemindWallpaper.csproj", "{DD89BE08-4111-4A43-8B0A-7B39E5FF430B}"
EndProject
Global
	GlobalSection(SolutionConfigurationPlatforms) = preSolution
		Debug|Any CPU = Debug|Any CPU
		Release|Any CPU = Release|Any CPU
	EndGlobalSection
	GlobalSection(ProjectConfigurationPlatforms) = postSolution
		{DD89BE08-4111-4A43-8B0A-7B39E5FF430B}.Debug|Any CPU.ActiveCfg = Debug|Any CPU
		{DD89BE08-4111-4A43-8B0A-7B39E5FF430B}.Debug|Any CPU.Build.0 = Debug|Any CPU
		{DD89BE08-4111-4A43-8B0A-7B39E5FF430B}.Release|Any CPU.ActiveCfg = Release|Any CPU
		{DD89BE08-4111-4A43-8B0A-7B39E5FF430B}.Release|Any CPU.Build.0 = Release|Any CPU
	EndGlobalSection
	GlobalSection(SolutionProperties) = preSolution
		HideSolutionNode = FALSE
	EndGlobalSection
	GlobalSection(ExtensibilityGlobals) = postSolution
		SolutionGuid = {6AF0C450-D70C-49F1-9372-BA21B65451D8}
	EndGlobalSection
EndGlobal
